
Microsoft Visual Studio Solution File, Format Version 12.00
# Visual Studio 15
VisualStudioVersion = 15.0.26206.0
MinimumVisualStudioVersion = 10.0.40219.1
Project("{FAE04EC0-301F-11D3-BF4B-00C04F79EFBC}") = "BetaalStation", "GLRPay\BetaalStation.csproj", "{7C206F72-8B32-4D84-98B2-69219747EE57}"
EndProject
Project("{FAE04EC0-301F-11D3-BF4B-00C04F79EFBC}") = "OplaadStation", "GLRPay_OplaadStation\OplaadStation.csproj", "{685BC6F9-CBA2-46F9-8B2F-2375C7356262}"
EndProject
Project("{FAE04EC0-301F-11D3-BF4B-00C04F79EFBC}") = "CardWriteEmpty", "CardWriteEmpty\CardWriteEmpty.csproj", "{502D783A-567B-46AE-8349-94D6572A7244}"
EndProject
Global
	GlobalSection(SolutionConfigurationPlatforms) = preSolution
		Debug|Any CPU = Debug|Any CPU
		Release|Any CPU = Release|Any CPU
	EndGlobalSection
	GlobalSection(ProjectConfigurationPlatforms) = postSolution
		{7C206F72-8B32-4D84-98B2-69219747EE57}.Debug|Any CPU.ActiveCfg = Debug|Any CPU
		{7C206F72-8B32-4D84-98B2-69219747EE57}.Debug|Any CPU.Build.0 = Debug|Any CPU
		{7C206F72-8B32-4D84-98B2-69219747EE57}.Release|Any CPU.ActiveCfg = Release|Any CPU
		{7C206F72-8B32-4D84-98B2-69219747EE57}.Release|Any CPU.Build.0 = Release|Any CPU
		{685BC6F9-CBA2-46F9-8B2F-2375C7356262}.Debug|Any CPU.ActiveCfg = Debug|Any CPU
		{685BC6F9-CBA2-46F9-8B2F-2375C7356262}.Debug|Any CPU.Build.0 = Debug|Any CPU
		{685BC6F9-CBA2-46F9-8B2F-2375C7356262}.Release|Any CPU.ActiveCfg = Release|Any CPU
		{685BC6F9-CBA2-46F9-8B2F-2375C7356262}.Release|Any CPU.Build.0 = Release|Any CPU
		{502D783A-567B-46AE-8349-94D6572A7244}.Debug|Any CPU.ActiveCfg = Debug|Any CPU
		{502D783A-567B-46AE-8349-94D6572A7244}.Debug|Any CPU.Build.0 = Debug|Any CPU
		{502D783A-567B-46AE-8349-94D6572A7244}.Release|Any CPU.ActiveCfg = Release|Any CPU
		{502D783A-567B-46AE-8349-94D6572A7244}.Release|Any CPU.Build.0 = Release|Any CPU
	EndGlobalSection
	GlobalSection(SolutionProperties) = preSolution
		HideSolutionNode = FALSE
	EndGlobalSection
EndGlobal
